
Microsoft Visual Studio Solution File, Format Version 12.00
# Visual Studio 15
VisualStudioVersion = 15.0.27428.2002
MinimumVisualStudioVersion = 10.0.40219.1
Project("{FAE04EC0-301F-11D3-BF4B-00C04F79EFBC}") = "NCSys", "NCSys\NCSys.csproj", "{636E3CF4-9C69-4EF6-8E70-525B0F33B991}"
EndProject
Global
	GlobalSection(SolutionConfigurationPlatforms) = preSolution
		Debug|Any CPU = Debug|Any CPU
		Release|Any CPU = Release|Any CPU
	EndGlobalSection
	GlobalSection(ProjectConfigurationPlatforms) = postSolution
		{636E3CF4-9C69-4EF6-8E70-525B0F33B991}.Debug|Any CPU.ActiveCfg = Debug|Any CPU
		{636E3CF4-9C69-4EF6-8E70-525B0F33B991}.Debug|Any CPU.Build.0 = Debug|Any CPU
		{636E3CF4-9C69-4EF6-8E70-525B0F33B991}.Release|Any CPU.ActiveCfg = Release|Any CPU
		{636E3CF4-9C69-4EF6-8E70-525B0F33B991}.Release|Any CPU.Build.0 = Release|Any CPU
	EndGlobalSection
	GlobalSection(SolutionProperties) = preSolution
		HideSolutionNode = FALSE
	EndGlobalSection
	GlobalSection(ExtensibilityGlobals) = postSolution
		SolutionGuid = {54AE4A4D-C137-4980-B7ED-A6F5DAC6A5C6}
	EndGlobalSection
EndGlobal
